<?xml version="1.0" encoding="UTF-8" standalone="yes" ?>
<CodeBlocks_project_file>
	<FileVersion major="1" minor="6" />
	<Project>
		<Option title="client-gui" />
		<Option pch_mode="2" />
		<Option compiler="gcc" />
		<Option virtualFolders="client-gui/src/;client-gui/include/;" />
		<Build>
			<Target title="Debug">
				<Option output="bin/Debug/client-gui" prefix_auto="1" extension_auto="1" />
				<Option object_output="obj/Debug/" />
				<Option type="0" />
				<Option compiler="gcc" />
				<Option projectLinkerOptionsRelation="2" />
				<Compiler>
					<Add option="-g" />
				</Compiler>
			</Target>
			<Target title="Release">
				<Option output="bin/Release/client-gui" prefix_auto="1" extension_auto="1" />
				<Option object_output="obj/Release/" />
				<Option type="0" />
				<Option compiler="gcc" />
				<Option projectLinkerOptionsRelation="2" />
				<Compiler>
					<Add option="-O2" />
				</Compiler>
				<Linker>
					<Add option="-s" />
				</Linker>
			</Target>
		</Build>
		<Compiler>
			<Add option="`wx-config --cflags`" />
			<Add option="-Wall" />
		</Compiler>
		<Linker>
			<Add option="`wx-config --libs`" />
		</Linker>
		<Unit filename="About.cpp" />
		<Unit filename="About.h" />
		<Unit filename="CompressionSetting.cpp" />
		<Unit filename="CompressionSetting.h" />
		<Unit filename="KeyBindingsHelp.cpp" />
		<Unit filename="KeyBindingsHelp.h" />
		<Unit filename="OtherSettingsDialog.cpp" />
		<Unit filename="OtherSettingsDialog.h" />
		<Unit filename="ServerSelectionDialog.cpp" />
		<Unit filename="ServerSelectionDialog.h" />
		<Unit filename="VideoSelection.cpp" />
		<Unit filename="VideoSelection.h" />
		<Unit filename="client_guiApp.cpp" />
		<Unit filename="client_guiApp.h" />
		<Unit filename="client_guiMain.cpp" />
		<Unit filename="client_guiMain.h" />
		<Unit filename="include/AsyncMsgHandler.h" />
		<Unit filename="include/ClientDataCStr.h" />
		<Unit filename="include/ClientManager.h" />
		<Unit filename="include/ConnectionClosedException.h" />
		<Unit filename="include/Decompress.h" />
		<Unit filename="include/Frame.h" />
		<Unit filename="include/GLView.h" />
		<Unit filename="include/J2KBitrate.h" />
		<Unit filename="include/Observable.h" />
		<Unit filename="include/Observer.h" />
		<Unit filename="include/Player.h" />
		<Unit filename="include/ProgressSlider.h" />
		<Unit filename="include/Settings.h" />
		<Unit filename="include/UGReceiver.h" />
		<Unit filename="include/Utils.h" />
		<Unit filename="include/VideoBuffer.h" />
		<Unit filename="include/VideoBufferOnFlyManager.h" />
		<Unit filename="include/VideoEntry.h" />
		<Unit filename="include/sp_client.h" />
		<Unit filename="src/AsyncMsgHandler.cpp" />
		<Unit filename="src/ClientDataCStr.cpp" />
		<Unit filename="src/ClientManager.cpp" />
		<Unit filename="src/ConnectionClosedException.cpp" />
		<Unit filename="src/Decompress.cpp" />
		<Unit filename="src/GLView.cpp" />
		<Unit filename="src/J2KBitrate.cpp" />
		<Unit filename="src/Observable.cpp" />
		<Unit filename="src/Observer.h" />
		<Unit filename="src/Player.cpp" />
		<Unit filename="src/ProgressSlider.cpp" />
		<Unit filename="src/Settings.cpp" />
		<Unit filename="src/UGReceiver.cpp">
			<Option virtualFolder="client-gui/src/" />
		</Unit>
		<Unit filename="src/Utils.cpp" />
		<Unit filename="src/VideoBuffer.cpp" />
		<Unit filename="src/VideoBufferOnFlyManager.cpp" />
		<Unit filename="src/VideoEntry.cpp" />
		<Unit filename="src/sp_client.cpp" />
		<Unit filename="wxsmith/About.wxs" />
		<Unit filename="wxsmith/CompressionSetting.wxs" />
		<Unit filename="wxsmith/KeyBindingsHelp.wxs" />
		<Unit filename="wxsmith/OtherSettingsDialog.wxs" />
		<Unit filename="wxsmith/ServerSelectionDialog.wxs" />
		<Unit filename="wxsmith/VideoSelection.wxs" />
		<Unit filename="wxsmith/client_guiframe.wxs" />
		<Unit filename="../include/ConnectionClosedException.h" />
		<Unit filename="../include/Player.h">
			<Option virtualFolder="client-gui/include/" />
		</Unit>
		<Unit filename="../src/Player.cpp">
			<Option virtualFolder="client-gui/src/" />
		</Unit>
		<Unit filename="../tcp_receive.cpp" />
		<Unit filename="../tcp_receive.h" />
		<Unit filename="../tcp_transmit.cpp" />
		<Unit filename="../tcp_transmit.h" />
		<Unit filename="../udt_receive.cpp" />
		<Unit filename="../udt_receive.h" />
		<Unit filename="../udt_transmit.cpp" />
		<Unit filename="../udt_transmit.h" />
		<Unit filename="../video_display/wxgl.cpp" />
		<Unit filename="../x11_common.o" />
		<Extensions>
			<code_completion />
			<envvars />
			<debugger />
			<lib_finder disable_auto="1" />
			<wxsmith version="1">
				<gui name="wxWidgets" src="client_guiApp.cpp" main="client_guiFrame" init_handlers="necessary" language="CPP" />
				<resources>
					<wxFrame wxs="wxsmith/client_guiframe.wxs" src="client_guiMain.cpp" hdr="client_guiMain.h" name="client_guiFrame" language="CPP" />
					<wxDialog wxs="wxsmith/ServerSelectionDialog.wxs" src="ServerSelectionDialog.cpp" hdr="ServerSelectionDialog.h" name="ServerSelectionDialog" language="CPP" />
					<wxDialog wxs="wxsmith/VideoSelection.wxs" src="VideoSelection.cpp" hdr="VideoSelection.h" name="VideoSelection" language="CPP" />
					<wxDialog wxs="wxsmith/KeyBindingsHelp.wxs" src="KeyBindingsHelp.cpp" hdr="KeyBindingsHelp.h" name="KeyBindingsHelp" language="CPP" />
					<wxDialog wxs="wxsmith/About.wxs" src="About.cpp" hdr="About.h" name="About" language="CPP" />
					<wxDialog wxs="wxsmith/OtherSettingsDialog.wxs" src="OtherSettingsDialog.cpp" hdr="OtherSettingsDialog.h" name="OtherSettingsDialog" language="CPP" />
					<wxDialog wxs="wxsmith/CompressionSetting.wxs" src="CompressionSetting.cpp" hdr="CompressionSetting.h" name="CompressionSetting" language="CPP" />
				</resources>
			</wxsmith>
		</Extensions>
	</Project>
</CodeBlocks_project_file>
