<?xml version="1.0" encoding="UTF-8" standalone="yes" ?>
<CodeBlocks_project_file>
	<FileVersion major="1" minor="6" />
	<Project>
		<Option title="serv-gui" />
		<Option pch_mode="2" />
		<Option compiler="gcc" />
		<Build>
			<Target title="Debug">
				<Option output="bin/Debug/serv-gui" prefix_auto="1" extension_auto="1" />
				<Option object_output="obj/Debug/" />
				<Option type="0" />
				<Option compiler="gcc" />
				<Option projectLinkerOptionsRelation="2" />
				<Compiler>
					<Add option="-g" />
				</Compiler>
			</Target>
			<Target title="Release">
				<Option output="bin/Release/serv-gui" prefix_auto="1" extension_auto="1" />
				<Option object_output="obj/Release/" />
				<Option type="0" />
				<Option compiler="gcc" />
				<Option projectLinkerOptionsRelation="2" />
				<Compiler>
					<Add option="-O2" />
				</Compiler>
				<Linker>
					<Add option="-s" />
				</Linker>
			</Target>
		</Build>
		<Compiler>
			<Add option="`wx-config --cflags`" />
			<Add option="-Wall" />
		</Compiler>
		<Linker>
			<Add option="`wx-config --libs`" />
		</Linker>
		<Unit filename="../client-gui/include/VideoEntry.h" />
		<Unit filename="../client-gui/src/VideoEntry.cpp" />
		<Unit filename="VideoProperties.cpp" />
		<Unit filename="VideoProperties.h" />
		<Unit filename="serv_guiApp.cpp" />
		<Unit filename="serv_guiApp.h" />
		<Unit filename="serv_guiMain.cpp" />
		<Unit filename="serv_guiMain.h" />
		<Unit filename="wxsmith/VideoProperties.wxs" />
		<Unit filename="wxsmith/serv_guiframe.wxs" />
		<Extensions>
			<code_completion />
			<envvars />
			<debugger />
			<wxsmith version="1">
				<gui name="wxWidgets" src="serv_guiApp.cpp" main="serv_guiFrame" init_handlers="necessary" language="CPP" />
				<resources>
					<wxFrame wxs="wxsmith/serv_guiframe.wxs" src="serv_guiMain.cpp" hdr="serv_guiMain.h" name="serv_guiFrame" language="CPP" />
					<wxDialog wxs="wxsmith/VideoProperties.wxs" src="VideoProperties.cpp" hdr="VideoProperties.h" name="VideoProperties" language="CPP" />
				</resources>
			</wxsmith>
		</Extensions>
	</Project>
</CodeBlocks_project_file>
